
Microsoft Visual Studio Solution File, Format Version 12.00
Project("{FAE04EC0-301F-11D3-BF4B-00C04F79EFBC}") = "Moviezilla.Web", "Moviezilla.Web\Moviezilla.Web.csproj", "{7E18E963-F072-4F4B-9820-9CD7F345A416}"
EndProject
Project("{FAE04EC0-301F-11D3-BF4B-00C04F79EFBC}") = "Moviezilla.Data", "Moviezilla.Data\Moviezilla.Data.csproj", "{5A60FCEE-210A-4D45-926E-E6BE64634243}"
EndProject
Project("{FAE04EC0-301F-11D3-BF4B-00C04F79EFBC}") = "Moviezilla.Data.Models", "Moviezilla.Data.Models\Moviezilla.Data.Models.csproj", "{2237F5D4-962C-44A3-A5A9-788E904FC0FC}"
EndProject
Project("{2150E333-8FDC-42A3-9474-1A3956D46DE8}") = "Data", "Data", "{3A5C53BE-F6F6-47EC-8363-12DE9F1F86BD}"
EndProject
Project("{FAE04EC0-301F-11D3-BF4B-00C04F79EFBC}") = "Moviezilla.Data.Common", "Moviezilla.Data.Common\Moviezilla.Data.Common.csproj", "{8C6DB1AD-5D98-4BA4-B800-48F860864232}"
EndProject
Project("{2150E333-8FDC-42A3-9474-1A3956D46DE8}") = "Services", "Services", "{AC8F4DE7-01B6-4D97-BCF8-23E66D8BC6CA}"
EndProject
Project("{FAE04EC0-301F-11D3-BF4B-00C04F79EFBC}") = "Moviezilla.Common", "Moviezilla.Common\Moviezilla.Common.csproj", "{C0141160-B5FD-494C-AC66-1C8DBB055944}"
EndProject
Project("{2150E333-8FDC-42A3-9474-1A3956D46DE8}") = "Web", "Web", "{706D46F0-B901-4D69-B60C-5D2C6F76C2EF}"
EndProject
Global
	GlobalSection(SolutionConfigurationPlatforms) = preSolution
		Debug|Any CPU = Debug|Any CPU
		Release|Any CPU = Release|Any CPU
	EndGlobalSection
	GlobalSection(ProjectConfigurationPlatforms) = postSolution
		{7E18E963-F072-4F4B-9820-9CD7F345A416}.Debug|Any CPU.ActiveCfg = Debug|Any CPU
		{7E18E963-F072-4F4B-9820-9CD7F345A416}.Debug|Any CPU.Build.0 = Debug|Any CPU
		{7E18E963-F072-4F4B-9820-9CD7F345A416}.Release|Any CPU.ActiveCfg = Release|Any CPU
		{7E18E963-F072-4F4B-9820-9CD7F345A416}.Release|Any CPU.Build.0 = Release|Any CPU
		{5A60FCEE-210A-4D45-926E-E6BE64634243}.Debug|Any CPU.ActiveCfg = Debug|Any CPU
		{5A60FCEE-210A-4D45-926E-E6BE64634243}.Debug|Any CPU.Build.0 = Debug|Any CPU
		{5A60FCEE-210A-4D45-926E-E6BE64634243}.Release|Any CPU.ActiveCfg = Release|Any CPU
		{5A60FCEE-210A-4D45-926E-E6BE64634243}.Release|Any CPU.Build.0 = Release|Any CPU
		{2237F5D4-962C-44A3-A5A9-788E904FC0FC}.Debug|Any CPU.ActiveCfg = Debug|Any CPU
		{2237F5D4-962C-44A3-A5A9-788E904FC0FC}.Debug|Any CPU.Build.0 = Debug|Any CPU
		{2237F5D4-962C-44A3-A5A9-788E904FC0FC}.Release|Any CPU.ActiveCfg = Release|Any CPU
		{2237F5D4-962C-44A3-A5A9-788E904FC0FC}.Release|Any CPU.Build.0 = Release|Any CPU
		{8C6DB1AD-5D98-4BA4-B800-48F860864232}.Debug|Any CPU.ActiveCfg = Debug|Any CPU
		{8C6DB1AD-5D98-4BA4-B800-48F860864232}.Debug|Any CPU.Build.0 = Debug|Any CPU
		{8C6DB1AD-5D98-4BA4-B800-48F860864232}.Release|Any CPU.ActiveCfg = Release|Any CPU
		{8C6DB1AD-5D98-4BA4-B800-48F860864232}.Release|Any CPU.Build.0 = Release|Any CPU
		{C0141160-B5FD-494C-AC66-1C8DBB055944}.Debug|Any CPU.ActiveCfg = Debug|Any CPU
		{C0141160-B5FD-494C-AC66-1C8DBB055944}.Debug|Any CPU.Build.0 = Debug|Any CPU
		{C0141160-B5FD-494C-AC66-1C8DBB055944}.Release|Any CPU.ActiveCfg = Release|Any CPU
		{C0141160-B5FD-494C-AC66-1C8DBB055944}.Release|Any CPU.Build.0 = Release|Any CPU
	EndGlobalSection
	GlobalSection(NestedProjects) = preSolution
		{5A60FCEE-210A-4D45-926E-E6BE64634243} = {3A5C53BE-F6F6-47EC-8363-12DE9F1F86BD}
		{2237F5D4-962C-44A3-A5A9-788E904FC0FC} = {3A5C53BE-F6F6-47EC-8363-12DE9F1F86BD}
		{8C6DB1AD-5D98-4BA4-B800-48F860864232} = {3A5C53BE-F6F6-47EC-8363-12DE9F1F86BD}
		{C0141160-B5FD-494C-AC66-1C8DBB055944} = {AC8F4DE7-01B6-4D97-BCF8-23E66D8BC6CA}
		{7E18E963-F072-4F4B-9820-9CD7F345A416} = {706D46F0-B901-4D69-B60C-5D2C6F76C2EF}
	EndGlobalSection
EndGlobal
